// !$*UTF8*$!
{
	archiveVersion = 1;
	classes = {
	};
	objectVersion = 46;
	objects = {

/* Begin PBXBuildFile section */
		A622143F1D1D789000EA672E /* main.m in Sources */ = {isa = PBXBuildFile; fileRef = A622143E1D1D789000EA672E /* main.m */; };
		A62214421D1D789100EA672E /* AppDelegate.m in Sources */ = {isa = PBXBuildFile; fileRef = A62214411D1D789100EA672E /* AppDelegate.m */; };
		A62214451D1D789100EA672E /* ViewController.m in Sources */ = {isa = PBXBuildFile; fileRef = A62214441D1D789100EA672E /* ViewController.m */; };
		A62214481D1D789100EA672E /* Main.storyboard in Resources */ = {isa = PBXBuildFile; fileRef = A62214461D1D789100EA672E /* Main.storyboard */; };
		A622144A1D1D789100EA672E /* Assets.xcassets in Resources */ = {isa = PBXBuildFile; fileRef = A62214491D1D789100EA672E /* Assets.xcassets */; };
		A622144D1D1D789100EA672E /* LaunchScreen.storyboard in Resources */ = {isa = PBXBuildFile; fileRef = A622144B1D1D789100EA672E /* LaunchScreen.storyboard */; };
/* End PBXBuildFile section */

/* Begin PBXFileReference section */
		A622143A1D1D789000EA672E /* partyr.app */ = {isa = PBXFileReference; explicitFileType = wrapper.application; includeInIndex = 0; path = partyr.app; sourceTree = BUILT_PRODUCTS_DIR; };
		A622143E1D1D789000EA672E /* main.m */ = {isa = PBXFileReference; lastKnownFileType = sourcecode.c.objc; path = main.m; sourceTree = "<group>"; };
		A62214401D1D789100EA672E /* AppDelegate.h */ = {isa = PBXFileReference; lastKnownFileType = sourcecode.c.h; path = AppDelegate.h; sourceTree = "<group>"; };
		A62214411D1D789100EA672E /* AppDelegate.m */ = {isa = PBXFileReference; lastKnownFileType = sourcecode.c.objc; path = AppDelegate.m; sourceTree = "<group>"; };
		A62214431D1D789100EA672E /* ViewController.h */ = {isa = PBXFileReference; lastKnownFileType = sourcecode.c.h; path = ViewController.h; sourceTree = "<group>"; };
		A62214441D1D789100EA672E /* ViewController.m */ = {isa = PBXFileReference; lastKnownFileType = sourcecode.c.objc; path = ViewController.m; sourceTree = "<group>"; };
		A62214471D1D789100EA672E /* Base */ = {isa = PBXFileReference; lastKnownFileType = file.storyboard; name = Base; path = Base.lproj/Main.storyboard; sourceTree = "<group>"; };
		A62214491D1D789100EA672E /* Assets.xcassets */ = {isa = PBXFileReference; lastKnownFileType = folder.assetcatalog; path = Assets.xcassets; sourceTree = "<group>"; };
		A622144C1D1D789100EA672E /* Base */ = {isa = PBXFileReference; lastKnownFileType = file.storyboard; name = Base; path = Base.lproj/LaunchScreen.storyboard; sourceTree = "<group>"; };
		A622144E1D1D789100EA672E /* Info.plist */ = {isa = PBXFileReference; lastKnownFileType = text.plist.xml; path = Info.plist; sourceTree = "<group>"; };
/* End PBXFileReference section */

/* Begin PBXFrameworksBuildPhase section */
		A62214371D1D789000EA672E /* Frameworks */ = {
			isa = PBXFrameworksBuildPhase;
			buildActionMask = 2147483647;
			files = (
			);
			runOnlyForDeploymentPostprocessing = 0;
		};
/* End PBXFrameworksBuildPhase section */

/* Begin PBXGroup section */
		A62214311D1D789000EA672E = {
			isa = PBXGroup;
			children = (
				A622143C1D1D789000EA672E /* partyr */,
				A622143B1D1D789000EA672E /* Products */,
			);
			sourceTree = "<group>";
		};
		A622143B1D1D789000EA672E /* Products */ = {
			isa = PBXGroup;
			children = (
				A622143A1D1D789000EA672E /* partyr.app */,
			);
			name = Products;
			sourceTree = "<group>";
		};
		A622143C1D1D789000EA672E /* partyr */ = {
			isa = PBXGroup;
			children = (
				A62214401D1D789100EA672E /* AppDelegate.h */,
				A62214411D1D789100EA672E /* AppDelegate.m */,
				A62214431D1D789100EA672E /* ViewController.h */,
				A62214441D1D789100EA672E /* ViewController.m */,
				A62214461D1D789100EA672E /* Main.storyboard */,
				A62214491D1D789100EA672E /* Assets.xcassets */,
				A622144B1D1D789100EA672E /* LaunchScreen.storyboard */,
				A622144E1D1D789100EA672E /* Info.plist */,
				A622143D1D1D789000EA672E /* Supporting Files */,
			);
			path = partyr;
			sourceTree = "<group>";
		};
		A622143D1D1D789000EA672E /* Supporting Files */ = {
			isa = PBXGroup;
			children = (
				A622143E1D1D789000EA672E /* main.m */,
			);
			name = "Supporting Files";
			sourceTree = "<group>";
		};
/* End PBXGroup section */

/* Begin PBXNativeTarget section */
		A62214391D1D789000EA672E /* partyr */ = {
			isa = PBXNativeTarget;
			buildConfigurationList = A62214511D1D789100EA672E /* Build configuration list for PBXNativeTarget "partyr" */;
			buildPhases = (
				A62214361D1D789000EA672E /* Sources */,
				A62214371D1D789000EA672E /* Frameworks */,
				A62214381D1D789000EA672E /* Resources */,
			);
			buildRules = (
			);
			dependencies = (
			);
			name = partyr;
			productName = partyr;
			productReference = A622143A1D1D789000EA672E /* partyr.app */;
			productType = "com.apple.product-type.application";
		};
/* End PBXNativeTarget section */

/* Begin PBXProject section */
		A62214321D1D789000EA672E /* Project object */ = {
			isa = PBXProject;
			attributes = {
				LastUpgradeCheck = 0730;
				ORGANIZATIONNAME = Okaris;
				TargetAttributes = {
					A62214391D1D789000EA672E = {
						CreatedOnToolsVersion = 7.3.1;
					};
				};
			};
			buildConfigurationList = A62214351D1D789000EA672E /* Build configuration list for PBXProject "partyr" */;
			compatibilityVersion = "Xcode 3.2";
			developmentRegion = English;
			hasScannedForEncodings = 0;
			knownRegions = (
				en,
				Base,
			);
			mainGroup = A62214311D1D789000EA672E;
			productRefGroup = A622143B1D1D789000EA672E /* Products */;
			projectDirPath = "";
			projectRoot = "";
			targets = (
				A62214391D1D789000EA672E /* partyr */,
			);
		};
/* End PBXProject section */

/* Begin PBXResourcesBuildPhase section */
		A62214381D1D789000EA672E /* Resources */ = {
			isa = PBXResourcesBuildPhase;
			buildActionMask = 2147483647;
			files = (
				A622144D1D1D789100EA672E /* LaunchScreen.storyboard in Resources */,
				A622144A1D1D789100EA672E /* Assets.xcassets in Resources */,
				A62214481D1D789100EA672E /* Main.storyboard in Resources */,
			);
			runOnlyForDeploymentPostprocessing = 0;
		};
/* End PBXResourcesBuildPhase section */

/* Begin PBXSourcesBuildPhase section */
		A62214361D1D789000EA672E /* Sources */ = {
			isa = PBXSourcesBuildPhase;
			buildActionMask = 2147483647;
			files = (
				A62214451D1D789100EA672E /* ViewController.m in Sources */,
				A62214421D1D789100EA672E /* AppDelegate.m in Sources */,
				A622143F1D1D789000EA672E /* main.m in Sources */,
			);
			runOnlyForDeploymentPostprocessing = 0;
		};
/* End PBXSourcesBuildPhase section */

/* Begin PBXVariantGroup section */
		A62214461D1D789100EA672E /* Main.storyboard */ = {
			isa = PBXVariantGroup;
			children = (
				A62214471D1D789100EA672E /* Base */,
			);
			name = Main.storyboard;
			sourceTree = "<group>";
		};
		A622144B1D1D789100EA672E /* LaunchScreen.storyboard */ = {
			isa = PBXVariantGroup;
			children = (
				A622144C1D1D789100EA672E /* Base */,
			);
			name = LaunchScreen.storyboard;
			sourceTree = "<group>";
		};
/* End PBXVariantGroup section */

/* Begin XCBuildConfiguration section */
		A622144F1D1D789100EA672E /* Debug */ = {
			isa = XCBuildConfiguration;
			buildSettings = {
				ALWAYS_SEARCH_USER_PATHS = NO;
				CLANG_ANALYZER_NONNULL = YES;
				CLANG_CXX_LANGUAGE_STANDARD = "gnu++0x";
				CLANG_CXX_LIBRARY = "libc++";
				CLANG_ENABLE_MODULES = YES;
				CLANG_ENABLE_OBJC_ARC = YES;
				CLANG_WARN_BOOL_CONVERSION = YES;
				CLANG_WARN_CONSTANT_CONVERSION = YES;
				CLANG_WARN_DIRECT_OBJC_ISA_USAGE = YES_ERROR;
				CLANG_WARN_EMPTY_BODY = YES;
				CLANG_WARN_ENUM_CONVERSION = YES;
				CLANG_WARN_INT_CONVERSION = YES;
				CLANG_WARN_OBJC_ROOT_CLASS = YES_ERROR;
				CLANG_WARN_UNREACHABLE_CODE = YES;
				CLANG_WARN__DUPLICATE_METHOD_MATCH = YES;
				"CODE_SIGN_IDENTITY[sdk=iphoneos*]" = "iPhone Developer";
				COPY_PHASE_STRIP = NO;
				DEBUG_INFORMATION_FORMAT = dwarf;
				ENABLE_STRICT_OBJC_MSGSEND = YES;
				ENABLE_TESTABILITY = YES;
				GCC_C_LANGUAGE_STANDARD = gnu99;
				GCC_DYNAMIC_NO_PIC = NO;
				GCC_NO_COMMON_BLOCKS = YES;
				GCC_OPTIMIZATION_LEVEL = 0;
				GCC_PREPROCESSOR_DEFINITIONS = (
					"DEBUG=1",
					"$(inherited)",
				);
				GCC_WARN_64_TO_32_BIT_CONVERSION = YES;
				GCC_WARN_ABOUT_RETURN_TYPE = YES_ERROR;
				GCC_WARN_UNDECLARED_SELECTOR = YES;
				GCC_WARN_UNINITIALIZED_AUTOS = YES_AGGRESSIVE;
				GCC_WARN_UNUSED_FUNCTION = YES;
				GCC_WARN_UNUSED_VARIABLE = YES;
				IPHONEOS_DEPLOYMENT_TARGET = 9.3;
				MTL_ENABLE_DEBUG_INFO = YES;
				ONLY_ACTIVE_ARCH = YES;
				SDKROOT = iphoneos;
			};
			name = Debug;
		};
		A62214501D1D789100EA672E /* Release */ = {
			isa = XCBuildConfiguration;
			buildSettings = {
				ALWAYS_SEARCH_USER_PATHS = NO;
				CLANG_ANALYZER_NONNULL = YES;
				CLANG_CXX_LANGUAGE_STANDARD = "gnu++0x";
				CLANG_CXX_LIBRARY = "libc++";
				CLANG_ENABLE_MODULES = YES;
				CLANG_ENABLE_OBJC_ARC = YES;
				CLANG_WARN_BOOL_CONVERSION = YES;
				CLANG_WARN_CONSTANT_CONVERSION = YES;
				CLANG_WARN_DIRECT_OBJC_ISA_USAGE = YES_ERROR;
				CLANG_WARN_EMPTY_BODY = YES;
				CLANG_WARN_ENUM_CONVERSION = YES;
				CLANG_WARN_INT_CONVERSION = YES;
				CLANG_WARN_OBJC_ROOT_CLASS = YES_ERROR;
				CLANG_WARN_UNREACHABLE_CODE = YES;
				CLANG_WARN__DUPLICATE_METHOD_MATCH = YES;
				"CODE_SIGN_IDENTITY[sdk=iphoneos*]" = "iPhone Developer";
				COPY_PHASE_STRIP = NO;
				DEBUG_INFORMATION_FORMAT = "dwarf-with-dsym";
				ENABLE_NS_ASSERTIONS = NO;
				ENABLE_STRICT_OBJC_MSGSEND = YES;
				GCC_C_LANGUAGE_STANDARD = gnu99;
				GCC_NO_COMMON_BLOCKS = YES;
				GCC_WARN_64_TO_32_BIT_CONVERSION = YES;
				GCC_WARN_ABOUT_RETURN_TYPE = YES_ERROR;
				GCC_WARN_UNDECLARED_SELECTOR = YES;
				GCC_WARN_UNINITIALIZED_AUTOS = YES_AGGRESSIVE;
				GCC_WARN_UNUSED_FUNCTION = YES;
				GCC_WARN_UNUSED_VARIABLE = YES;
				IPHONEOS_DEPLOYMENT_TARGET = 9.3;
				MTL_ENABLE_DEBUG_INFO = NO;
				SDKROOT = iphoneos;
				VALIDATE_PRODUCT = YES;
			};
			name = Release;
		};
		A62214521D1D789100EA672E /* Debug */ = {
			isa = XCBuildConfiguration;
			buildSettings = {
				ASSETCATALOG_COMPILER_APPICON_NAME = AppIcon;
				INFOPLIST_FILE = partyr/Info.plist;
				LD_RUNPATH_SEARCH_PATHS = "$(inherited) @executable_path/Frameworks";
				PRODUCT_BUNDLE_IDENTIFIER = com.okaris.partyr;
				PRODUCT_NAME = "$(TARGET_NAME)";
			};
			name = Debug;
		};
		A62214531D1D789100EA672E /* Release */ = {
			isa = XCBuildConfiguration;
			buildSettings = {
				ASSETCATALOG_COMPILER_APPICON_NAME = AppIcon;
				INFOPLIST_FILE = partyr/Info.plist;
				LD_RUNPATH_SEARCH_PATHS = "$(inherited) @executable_path/Frameworks";
				PRODUCT_BUNDLE_IDENTIFIER = com.okaris.partyr;
				PRODUCT_NAME = "$(TARGET_NAME)";
			};
			name = Release;
		};
/* End XCBuildConfiguration section */

/* Begin XCConfigurationList section */
		A62214351D1D789000EA672E /* Build configuration list for PBXProject "partyr" */ = {
			isa = XCConfigurationList;
			buildConfigurations = (
				A622144F1D1D789100EA672E /* Debug */,
				A62214501D1D789100EA672E /* Release */,
			);
			defaultConfigurationIsVisible = 0;
			defaultConfigurationName = Release;
		};
		A62214511D1D789100EA672E /* Build configuration list for PBXNativeTarget "partyr" */ = {
			isa = XCConfigurationList;
			buildConfigurations = (
				A62214521D1D789100EA672E /* Debug */,
				A62214531D1D789100EA672E /* Release */,
			);
			defaultConfigurationIsVisible = 0;
		};
/* End XCConfigurationList section */
	};
	rootObject = A62214321D1D789000EA672E /* Project object */;
}
